// !$*UTF8*$!
{
	archiveVersion = 1;
	classes = {
	};
	objectVersion = 46;
	objects = {

/* Begin PBXBuildFile section */
		094AD2B081E6D0C57C9F1B5D /* Pods_TasteOfHome.framework in Frameworks */ = {isa = PBXBuildFile; fileRef = A54C4B70F0470953D8670D9B /* Pods_TasteOfHome.framework */; };
		17A4401F1E50E30F001C21CC /* AppDelegate.swift in Sources */ = {isa = PBXBuildFile; fileRef = 17A4401E1E50E30F001C21CC /* AppDelegate.swift */; };
		17A440241E50E30F001C21CC /* Main.storyboard in Resources */ = {isa = PBXBuildFile; fileRef = 17A440221E50E30F001C21CC /* Main.storyboard */; };
		17A440261E50E30F001C21CC /* Assets.xcassets in Resources */ = {isa = PBXBuildFile; fileRef = 17A440251E50E30F001C21CC /* Assets.xcassets */; };
		17A440291E50E30F001C21CC /* LaunchScreen.storyboard in Resources */ = {isa = PBXBuildFile; fileRef = 17A440271E50E30F001C21CC /* LaunchScreen.storyboard */; };
		17A440341E50E30F001C21CC /* TasteOfHomeTests.swift in Sources */ = {isa = PBXBuildFile; fileRef = 17A440331E50E30F001C21CC /* TasteOfHomeTests.swift */; };
		17A4403F1E50E30F001C21CC /* TasteOfHomeUITests.swift in Sources */ = {isa = PBXBuildFile; fileRef = 17A4403E1E50E30F001C21CC /* TasteOfHomeUITests.swift */; };
		17A4404F1E50E9DC001C21CC /* DisplayCard.swift in Sources */ = {isa = PBXBuildFile; fileRef = 17A4404E1E50E9DC001C21CC /* DisplayCard.swift */; };
		17A440511E50EB08001C21CC /* BrowseViewController.swift in Sources */ = {isa = PBXBuildFile; fileRef = 17A440501E50EB08001C21CC /* BrowseViewController.swift */; };
		17A440531E5B66A8001C21CC /* BreadDetailViewController.swift in Sources */ = {isa = PBXBuildFile; fileRef = 17A440521E5B66A8001C21CC /* BreadDetailViewController.swift */; };
		17A440551E5B6733001C21CC /* BreadDetailViewController.storyboard in Resources */ = {isa = PBXBuildFile; fileRef = 17A440541E5B6733001C21CC /* BreadDetailViewController.storyboard */; };
		17F5DB961E5B810C00A8050C /* GoogleService-Info.plist in Resources */ = {isa = PBXBuildFile; fileRef = 17F5DB951E5B810C00A8050C /* GoogleService-Info.plist */; };
		17F5DB9A1E5B835500A8050C /* SignInViewController.swift in Sources */ = {isa = PBXBuildFile; fileRef = 17F5DB991E5B835500A8050C /* SignInViewController.swift */; };
		B14DC3B0B4604BD090C3238F /* Pods_TasteOfHomeUITests.framework in Frameworks */ = {isa = PBXBuildFile; fileRef = B87F88F77C127BE1E2DAD239 /* Pods_TasteOfHomeUITests.framework */; };
		EACCD0B62B52FEC138292F9D /* Pods_TasteOfHomeTests.framework in Frameworks */ = {isa = PBXBuildFile; fileRef = 04074BBF0432556B550C1D0A /* Pods_TasteOfHomeTests.framework */; };
/* End PBXBuildFile section */

/* Begin PBXContainerItemProxy section */
		17A440301E50E30F001C21CC /* PBXContainerItemProxy */ = {
			isa = PBXContainerItemProxy;
			containerPortal = 17A440131E50E30F001C21CC /* Project object */;
			proxyType = 1;
			remoteGlobalIDString = 17A4401A1E50E30F001C21CC;
			remoteInfo = TasteOfHome;
		};
		17A4403B1E50E30F001C21CC /* PBXContainerItemProxy */ = {
			isa = PBXContainerItemProxy;
			containerPortal = 17A440131E50E30F001C21CC /* Project object */;
			proxyType = 1;
			remoteGlobalIDString = 17A4401A1E50E30F001C21CC;
			remoteInfo = TasteOfHome;
		};
/* End PBXContainerItemProxy section */

/* Begin PBXFileReference section */
		04074BBF0432556B550C1D0A /* Pods_TasteOfHomeTests.framework */ = {isa = PBXFileReference; explicitFileType = wrapper.framework; includeInIndex = 0; path = Pods_TasteOfHomeTests.framework; sourceTree = BUILT_PRODUCTS_DIR; };
		17A4401B1E50E30F001C21CC /* TasteOfHome.app */ = {isa = PBXFileReference; explicitFileType = wrapper.application; includeInIndex = 0; path = TasteOfHome.app; sourceTree = BUILT_PRODUCTS_DIR; };
		17A4401E1E50E30F001C21CC /* AppDelegate.swift */ = {isa = PBXFileReference; lastKnownFileType = sourcecode.swift; path = AppDelegate.swift; sourceTree = "<group>"; };
		17A440231E50E30F001C21CC /* Base */ = {isa = PBXFileReference; lastKnownFileType = file.storyboard; name = Base; path = Base.lproj/Main.storyboard; sourceTree = "<group>"; };
		17A440251E50E30F001C21CC /* Assets.xcassets */ = {isa = PBXFileReference; lastKnownFileType = folder.assetcatalog; path = Assets.xcassets; sourceTree = "<group>"; };
		17A440281E50E30F001C21CC /* Base */ = {isa = PBXFileReference; lastKnownFileType = file.storyboard; name = Base; path = Base.lproj/LaunchScreen.storyboard; sourceTree = "<group>"; };
		17A4402A1E50E30F001C21CC /* Info.plist */ = {isa = PBXFileReference; lastKnownFileType = text.plist.xml; path = Info.plist; sourceTree = "<group>"; };
		17A4402F1E50E30F001C21CC /* TasteOfHomeTests.xctest */ = {isa = PBXFileReference; explicitFileType = wrapper.cfbundle; includeInIndex = 0; path = TasteOfHomeTests.xctest; sourceTree = BUILT_PRODUCTS_DIR; };
		17A440331E50E30F001C21CC /* TasteOfHomeTests.swift */ = {isa = PBXFileReference; lastKnownFileType = sourcecode.swift; path = TasteOfHomeTests.swift; sourceTree = "<group>"; };
		17A440351E50E30F001C21CC /* Info.plist */ = {isa = PBXFileReference; lastKnownFileType = text.plist.xml; path = Info.plist; sourceTree = "<group>"; };
		17A4403A1E50E30F001C21CC /* TasteOfHomeUITests.xctest */ = {isa = PBXFileReference; explicitFileType = wrapper.cfbundle; includeInIndex = 0; path = TasteOfHomeUITests.xctest; sourceTree = BUILT_PRODUCTS_DIR; };
		17A4403E1E50E30F001C21CC /* TasteOfHomeUITests.swift */ = {isa = PBXFileReference; lastKnownFileType = sourcecode.swift; path = TasteOfHomeUITests.swift; sourceTree = "<group>"; };
		17A440401E50E30F001C21CC /* Info.plist */ = {isa = PBXFileReference; lastKnownFileType = text.plist.xml; path = Info.plist; sourceTree = "<group>"; };
		17A4404E1E50E9DC001C21CC /* DisplayCard.swift */ = {isa = PBXFileReference; fileEncoding = 4; lastKnownFileType = sourcecode.swift; path = DisplayCard.swift; sourceTree = "<group>"; };
		17A440501E50EB08001C21CC /* BrowseViewController.swift */ = {isa = PBXFileReference; fileEncoding = 4; lastKnownFileType = sourcecode.swift; path = BrowseViewController.swift; sourceTree = "<group>"; };
		17A440521E5B66A8001C21CC /* BreadDetailViewController.swift */ = {isa = PBXFileReference; fileEncoding = 4; lastKnownFileType = sourcecode.swift; path = BreadDetailViewController.swift; sourceTree = "<group>"; };
		17A440541E5B6733001C21CC /* BreadDetailViewController.storyboard */ = {isa = PBXFileReference; fileEncoding = 4; lastKnownFileType = file.storyboard; path = BreadDetailViewController.storyboard; sourceTree = "<group>"; };
		17F5DB951E5B810C00A8050C /* GoogleService-Info.plist */ = {isa = PBXFileReference; fileEncoding = 4; lastKnownFileType = text.plist.xml; path = "GoogleService-Info.plist"; sourceTree = "<group>"; };
		17F5DB991E5B835500A8050C /* SignInViewController.swift */ = {isa = PBXFileReference; fileEncoding = 4; lastKnownFileType = sourcecode.swift; path = SignInViewController.swift; sourceTree = "<group>"; };
		18E612EAB6B9ECB20A234DBF /* Pods-TasteOfHomeTests.debug.xcconfig */ = {isa = PBXFileReference; includeInIndex = 1; lastKnownFileType = text.xcconfig; name = "Pods-TasteOfHomeTests.debug.xcconfig"; path = "Pods/Target Support Files/Pods-TasteOfHomeTests/Pods-TasteOfHomeTests.debug.xcconfig"; sourceTree = "<group>"; };
		76315685A99E0687DB91A7D0 /* Pods-TasteOfHome.release.xcconfig */ = {isa = PBXFileReference; includeInIndex = 1; lastKnownFileType = text.xcconfig; name = "Pods-TasteOfHome.release.xcconfig"; path = "Pods/Target Support Files/Pods-TasteOfHome/Pods-TasteOfHome.release.xcconfig"; sourceTree = "<group>"; };
		785B880F7AA3EF8D6A94E7FF /* Pods-TasteOfHomeUITests.debug.xcconfig */ = {isa = PBXFileReference; includeInIndex = 1; lastKnownFileType = text.xcconfig; name = "Pods-TasteOfHomeUITests.debug.xcconfig"; path = "Pods/Target Support Files/Pods-TasteOfHomeUITests/Pods-TasteOfHomeUITests.debug.xcconfig"; sourceTree = "<group>"; };
		93AAEE5B520352B5ED1E1CD6 /* Pods-TasteOfHomeUITests.release.xcconfig */ = {isa = PBXFileReference; includeInIndex = 1; lastKnownFileType = text.xcconfig; name = "Pods-TasteOfHomeUITests.release.xcconfig"; path = "Pods/Target Support Files/Pods-TasteOfHomeUITests/Pods-TasteOfHomeUITests.release.xcconfig"; sourceTree = "<group>"; };
		A54C4B70F0470953D8670D9B /* Pods_TasteOfHome.framework */ = {isa = PBXFileReference; explicitFileType = wrapper.framework; includeInIndex = 0; path = Pods_TasteOfHome.framework; sourceTree = BUILT_PRODUCTS_DIR; };
		B87F88F77C127BE1E2DAD239 /* Pods_TasteOfHomeUITests.framework */ = {isa = PBXFileReference; explicitFileType = wrapper.framework; includeInIndex = 0; path = Pods_TasteOfHomeUITests.framework; sourceTree = BUILT_PRODUCTS_DIR; };
		CEFEE1A97D53058256411915 /* Pods-TasteOfHome.debug.xcconfig */ = {isa = PBXFileReference; includeInIndex = 1; lastKnownFileType = text.xcconfig; name = "Pods-TasteOfHome.debug.xcconfig"; path = "Pods/Target Support Files/Pods-TasteOfHome/Pods-TasteOfHome.debug.xcconfig"; sourceTree = "<group>"; };
		FA61850427D222216C401032 /* Pods-TasteOfHomeTests.release.xcconfig */ = {isa = PBXFileReference; includeInIndex = 1; lastKnownFileType = text.xcconfig; name = "Pods-TasteOfHomeTests.release.xcconfig"; path = "Pods/Target Support Files/Pods-TasteOfHomeTests/Pods-TasteOfHomeTests.release.xcconfig"; sourceTree = "<group>"; };
/* End PBXFileReference section */

/* Begin PBXFrameworksBuildPhase section */
		17A440181E50E30F001C21CC /* Frameworks */ = {
			isa = PBXFrameworksBuildPhase;
			buildActionMask = 2147483647;
			files = (
				094AD2B081E6D0C57C9F1B5D /* Pods_TasteOfHome.framework in Frameworks */,
			);
			runOnlyForDeploymentPostprocessing = 0;
		};
		17A4402C1E50E30F001C21CC /* Frameworks */ = {
			isa = PBXFrameworksBuildPhase;
			buildActionMask = 2147483647;
			files = (
				EACCD0B62B52FEC138292F9D /* Pods_TasteOfHomeTests.framework in Frameworks */,
			);
			runOnlyForDeploymentPostprocessing = 0;
		};
		17A440371E50E30F001C21CC /* Frameworks */ = {
			isa = PBXFrameworksBuildPhase;
			buildActionMask = 2147483647;
			files = (
				B14DC3B0B4604BD090C3238F /* Pods_TasteOfHomeUITests.framework in Frameworks */,
			);
			runOnlyForDeploymentPostprocessing = 0;
		};
/* End PBXFrameworksBuildPhase section */

/* Begin PBXGroup section */
		17A440121E50E30F001C21CC = {
			isa = PBXGroup;
			children = (
				17A4401D1E50E30F001C21CC /* TasteOfHome */,
				17A440321E50E30F001C21CC /* TasteOfHomeTests */,
				17A4403D1E50E30F001C21CC /* TasteOfHomeUITests */,
				17A4401C1E50E30F001C21CC /* Products */,
				C815A5C1BCB2BD1562D40E7B /* Pods */,
				D45C25C41E3EBADFDD182973 /* Frameworks */,
			);
			sourceTree = "<group>";
		};
		17A4401C1E50E30F001C21CC /* Products */ = {
			isa = PBXGroup;
			children = (
				17A4401B1E50E30F001C21CC /* TasteOfHome.app */,
				17A4402F1E50E30F001C21CC /* TasteOfHomeTests.xctest */,
				17A4403A1E50E30F001C21CC /* TasteOfHomeUITests.xctest */,
			);
			name = Products;
			sourceTree = "<group>";
		};
		17A4401D1E50E30F001C21CC /* TasteOfHome */ = {
			isa = PBXGroup;
			children = (
				17A4401E1E50E30F001C21CC /* AppDelegate.swift */,
				17A440251E50E30F001C21CC /* Assets.xcassets */,
				17A440541E5B6733001C21CC /* BreadDetailViewController.storyboard */,
				17A440521E5B66A8001C21CC /* BreadDetailViewController.swift */,
				17A440501E50EB08001C21CC /* BrowseViewController.swift */,
				17A4404E1E50E9DC001C21CC /* DisplayCard.swift */,
				17F5DB951E5B810C00A8050C /* GoogleService-Info.plist */,
				17A4402A1E50E30F001C21CC /* Info.plist */,
				17A440271E50E30F001C21CC /* LaunchScreen.storyboard */,
				17A440221E50E30F001C21CC /* Main.storyboard */,
				17F5DB991E5B835500A8050C /* SignInViewController.swift */,
			);
			path = TasteOfHome;
			sourceTree = "<group>";
		};
		17A440321E50E30F001C21CC /* TasteOfHomeTests */ = {
			isa = PBXGroup;
			children = (
				17A440331E50E30F001C21CC /* TasteOfHomeTests.swift */,
				17A440351E50E30F001C21CC /* Info.plist */,
			);
			path = TasteOfHomeTests;
			sourceTree = "<group>";
		};
		17A4403D1E50E30F001C21CC /* TasteOfHomeUITests */ = {
			isa = PBXGroup;
			children = (
				17A4403E1E50E30F001C21CC /* TasteOfHomeUITests.swift */,
				17A440401E50E30F001C21CC /* Info.plist */,
			);
			path = TasteOfHomeUITests;
			sourceTree = "<group>";
		};
		C815A5C1BCB2BD1562D40E7B /* Pods */ = {
			isa = PBXGroup;
			children = (
				CEFEE1A97D53058256411915 /* Pods-TasteOfHome.debug.xcconfig */,
				76315685A99E0687DB91A7D0 /* Pods-TasteOfHome.release.xcconfig */,
				18E612EAB6B9ECB20A234DBF /* Pods-TasteOfHomeTests.debug.xcconfig */,
				FA61850427D222216C401032 /* Pods-TasteOfHomeTests.release.xcconfig */,
				785B880F7AA3EF8D6A94E7FF /* Pods-TasteOfHomeUITests.debug.xcconfig */,
				93AAEE5B520352B5ED1E1CD6 /* Pods-TasteOfHomeUITests.release.xcconfig */,
			);
			name = Pods;
			sourceTree = "<group>";
		};
		D45C25C41E3EBADFDD182973 /* Frameworks */ = {
			isa = PBXGroup;
			children = (
				A54C4B70F0470953D8670D9B /* Pods_TasteOfHome.framework */,
				04074BBF0432556B550C1D0A /* Pods_TasteOfHomeTests.framework */,
				B87F88F77C127BE1E2DAD239 /* Pods_TasteOfHomeUITests.framework */,
			);
			name = Frameworks;
			sourceTree = "<group>";
		};
/* End PBXGroup section */

/* Begin PBXNativeTarget section */
		17A4401A1E50E30F001C21CC /* TasteOfHome */ = {
			isa = PBXNativeTarget;
			buildConfigurationList = 17A440431E50E30F001C21CC /* Build configuration list for PBXNativeTarget "TasteOfHome" */;
			buildPhases = (
				1330D575AD20E41464C2A68C /* [CP] Check Pods Manifest.lock */,
				17A440171E50E30F001C21CC /* Sources */,
				17A440181E50E30F001C21CC /* Frameworks */,
				17A440191E50E30F001C21CC /* Resources */,
				8EA381F7EC8FD9C6584ECA05 /* [CP] Embed Pods Frameworks */,
				8B2492A189760766C940A32A /* [CP] Copy Pods Resources */,
			);
			buildRules = (
			);
			dependencies = (
			);
			name = TasteOfHome;
			productName = TasteOfHome;
			productReference = 17A4401B1E50E30F001C21CC /* TasteOfHome.app */;
			productType = "com.apple.product-type.application";
		};
		17A4402E1E50E30F001C21CC /* TasteOfHomeTests */ = {
			isa = PBXNativeTarget;
			buildConfigurationList = 17A440461E50E30F001C21CC /* Build configuration list for PBXNativeTarget "TasteOfHomeTests" */;
			buildPhases = (
				618D376235F9C1B3DD1B5C90 /* [CP] Check Pods Manifest.lock */,
				17A4402B1E50E30F001C21CC /* Sources */,
				17A4402C1E50E30F001C21CC /* Frameworks */,
				17A4402D1E50E30F001C21CC /* Resources */,
				E5B771B1CE34C603A18DE29E /* [CP] Embed Pods Frameworks */,
				E5E21251DCF39DFBCEA6C40E /* [CP] Copy Pods Resources */,
			);
			buildRules = (
			);
			dependencies = (
				17A440311E50E30F001C21CC /* PBXTargetDependency */,
			);
			name = TasteOfHomeTests;
			productName = TasteOfHomeTests;
			productReference = 17A4402F1E50E30F001C21CC /* TasteOfHomeTests.xctest */;
			productType = "com.apple.product-type.bundle.unit-test";
		};
		17A440391E50E30F001C21CC /* TasteOfHomeUITests */ = {
			isa = PBXNativeTarget;
			buildConfigurationList = 17A440491E50E30F001C21CC /* Build configuration list for PBXNativeTarget "TasteOfHomeUITests" */;
			buildPhases = (
				907C190BC184A0181CED5EC7 /* [CP] Check Pods Manifest.lock */,
				17A440361E50E30F001C21CC /* Sources */,
				17A440371E50E30F001C21CC /* Frameworks */,
				17A440381E50E30F001C21CC /* Resources */,
				EA61780755F0BA9588CF0BFC /* [CP] Embed Pods Frameworks */,
				008FF1CD82230C10AB3FA871 /* [CP] Copy Pods Resources */,
			);
			buildRules = (
			);
			dependencies = (
				17A4403C1E50E30F001C21CC /* PBXTargetDependency */,
			);
			name = TasteOfHomeUITests;
			productName = TasteOfHomeUITests;
			productReference = 17A4403A1E50E30F001C21CC /* TasteOfHomeUITests.xctest */;
			productType = "com.apple.product-type.bundle.ui-testing";
		};
/* End PBXNativeTarget section */

/* Begin PBXProject section */
		17A440131E50E30F001C21CC /* Project object */ = {
			isa = PBXProject;
			attributes = {
				LastSwiftUpdateCheck = 0820;
				LastUpgradeCheck = 0820;
				ORGANIZATIONNAME = "Fan Chen";
				TargetAttributes = {
					17A4401A1E50E30F001C21CC = {
						CreatedOnToolsVersion = 8.2;
						DevelopmentTeam = H9AG8MMMTC;
						ProvisioningStyle = Automatic;
					};
					17A4402E1E50E30F001C21CC = {
						CreatedOnToolsVersion = 8.2;
						DevelopmentTeam = H9AG8MMMTC;
						ProvisioningStyle = Automatic;
						TestTargetID = 17A4401A1E50E30F001C21CC;
					};
					17A440391E50E30F001C21CC = {
						CreatedOnToolsVersion = 8.2;
						DevelopmentTeam = H9AG8MMMTC;
						ProvisioningStyle = Automatic;
						TestTargetID = 17A4401A1E50E30F001C21CC;
					};
				};
			};
			buildConfigurationList = 17A440161E50E30F001C21CC /* Build configuration list for PBXProject "TasteOfHome" */;
			compatibilityVersion = "Xcode 3.2";
			developmentRegion = English;
			hasScannedForEncodings = 0;
			knownRegions = (
				en,
				Base,
			);
			mainGroup = 17A440121E50E30F001C21CC;
			productRefGroup = 17A4401C1E50E30F001C21CC /* Products */;
			projectDirPath = "";
			projectRoot = "";
			targets = (
				17A4401A1E50E30F001C21CC /* TasteOfHome */,
				17A4402E1E50E30F001C21CC /* TasteOfHomeTests */,
				17A440391E50E30F001C21CC /* TasteOfHomeUITests */,
			);
		};
/* End PBXProject section */

/* Begin PBXResourcesBuildPhase section */
		17A440191E50E30F001C21CC /* Resources */ = {
			isa = PBXResourcesBuildPhase;
			buildActionMask = 2147483647;
			files = (
				17A440291E50E30F001C21CC /* LaunchScreen.storyboard in Resources */,
				17A440261E50E30F001C21CC /* Assets.xcassets in Resources */,
				17F5DB961E5B810C00A8050C /* GoogleService-Info.plist in Resources */,
				17A440241E50E30F001C21CC /* Main.storyboard in Resources */,
				17A440551E5B6733001C21CC /* BreadDetailViewController.storyboard in Resources */,
			);
			runOnlyForDeploymentPostprocessing = 0;
		};
		17A4402D1E50E30F001C21CC /* Resources */ = {
			isa = PBXResourcesBuildPhase;
			buildActionMask = 2147483647;
			files = (
			);
			runOnlyForDeploymentPostprocessing = 0;
		};
		17A440381E50E30F001C21CC /* Resources */ = {
			isa = PBXResourcesBuildPhase;
			buildActionMask = 2147483647;
			files = (
			);
			runOnlyForDeploymentPostprocessing = 0;
		};
/* End PBXResourcesBuildPhase section */

/* Begin PBXShellScriptBuildPhase section */
		008FF1CD82230C10AB3FA871 /* [CP] Copy Pods Resources */ = {
			isa = PBXShellScriptBuildPhase;
			buildActionMask = 2147483647;
			files = (
			);
			inputPaths = (
			);
			name = "[CP] Copy Pods Resources";
			outputPaths = (
			);
			runOnlyForDeploymentPostprocessing = 0;
			shellPath = /bin/sh;
			shellScript = "\"${SRCROOT}/Pods/Target Support Files/Pods-TasteOfHomeUITests/Pods-TasteOfHomeUITests-resources.sh\"\n";
			showEnvVarsInLog = 0;
		};
		1330D575AD20E41464C2A68C /* [CP] Check Pods Manifest.lock */ = {
			isa = PBXShellScriptBuildPhase;
			buildActionMask = 2147483647;
			files = (
			);
			inputPaths = (
			);
			name = "[CP] Check Pods Manifest.lock";
			outputPaths = (
			);
			runOnlyForDeploymentPostprocessing = 0;
			shellPath = /bin/sh;
			shellScript = "diff \"${PODS_ROOT}/../Podfile.lock\" \"${PODS_ROOT}/Manifest.lock\" > /dev/null\nif [ $? != 0 ] ; then\n    # print error to STDERR\n    echo \"error: The sandbox is not in sync with the Podfile.lock. Run 'pod install' or update your CocoaPods installation.\" >&2\n    exit 1\nfi\n";
			showEnvVarsInLog = 0;
		};
		618D376235F9C1B3DD1B5C90 /* [CP] Check Pods Manifest.lock */ = {
			isa = PBXShellScriptBuildPhase;
			buildActionMask = 2147483647;
			files = (
			);
			inputPaths = (
			);
			name = "[CP] Check Pods Manifest.lock";
			outputPaths = (
			);
			runOnlyForDeploymentPostprocessing = 0;
			shellPath = /bin/sh;
			shellScript = "diff \"${PODS_ROOT}/../Podfile.lock\" \"${PODS_ROOT}/Manifest.lock\" > /dev/null\nif [ $? != 0 ] ; then\n    # print error to STDERR\n    echo \"error: The sandbox is not in sync with the Podfile.lock. Run 'pod install' or update your CocoaPods installation.\" >&2\n    exit 1\nfi\n";
			showEnvVarsInLog = 0;
		};
		8B2492A189760766C940A32A /* [CP] Copy Pods Resources */ = {
			isa = PBXShellScriptBuildPhase;
			buildActionMask = 2147483647;
			files = (
			);
			inputPaths = (
			);
			name = "[CP] Copy Pods Resources";
			outputPaths = (
			);
			runOnlyForDeploymentPostprocessing = 0;
			shellPath = /bin/sh;
			shellScript = "\"${SRCROOT}/Pods/Target Support Files/Pods-TasteOfHome/Pods-TasteOfHome-resources.sh\"\n";
			showEnvVarsInLog = 0;
		};
		8EA381F7EC8FD9C6584ECA05 /* [CP] Embed Pods Frameworks */ = {
			isa = PBXShellScriptBuildPhase;
			buildActionMask = 2147483647;
			files = (
			);
			inputPaths = (
			);
			name = "[CP] Embed Pods Frameworks";
			outputPaths = (
			);
			runOnlyForDeploymentPostprocessing = 0;
			shellPath = /bin/sh;
			shellScript = "\"${SRCROOT}/Pods/Target Support Files/Pods-TasteOfHome/Pods-TasteOfHome-frameworks.sh\"\n";
			showEnvVarsInLog = 0;
		};
		907C190BC184A0181CED5EC7 /* [CP] Check Pods Manifest.lock */ = {
			isa = PBXShellScriptBuildPhase;
			buildActionMask = 2147483647;
			files = (
			);
			inputPaths = (
			);
			name = "[CP] Check Pods Manifest.lock";
			outputPaths = (
			);
			runOnlyForDeploymentPostprocessing = 0;
			shellPath = /bin/sh;
			shellScript = "diff \"${PODS_ROOT}/../Podfile.lock\" \"${PODS_ROOT}/Manifest.lock\" > /dev/null\nif [ $? != 0 ] ; then\n    # print error to STDERR\n    echo \"error: The sandbox is not in sync with the Podfile.lock. Run 'pod install' or update your CocoaPods installation.\" >&2\n    exit 1\nfi\n";
			showEnvVarsInLog = 0;
		};
		E5B771B1CE34C603A18DE29E /* [CP] Embed Pods Frameworks */ = {
			isa = PBXShellScriptBuildPhase;
			buildActionMask = 2147483647;
			files = (
			);
			inputPaths = (
			);
			name = "[CP] Embed Pods Frameworks";
			outputPaths = (
			);
			runOnlyForDeploymentPostprocessing = 0;
			shellPath = /bin/sh;
			shellScript = "\"${SRCROOT}/Pods/Target Support Files/Pods-TasteOfHomeTests/Pods-TasteOfHomeTests-frameworks.sh\"\n";
			showEnvVarsInLog = 0;
		};
		E5E21251DCF39DFBCEA6C40E /* [CP] Copy Pods Resources */ = {
			isa = PBXShellScriptBuildPhase;
			buildActionMask = 2147483647;
			files = (
			);
			inputPaths = (
			);
			name = "[CP] Copy Pods Resources";
			outputPaths = (
			);
			runOnlyForDeploymentPostprocessing = 0;
			shellPath = /bin/sh;
			shellScript = "\"${SRCROOT}/Pods/Target Support Files/Pods-TasteOfHomeTests/Pods-TasteOfHomeTests-resources.sh\"\n";
			showEnvVarsInLog = 0;
		};
		EA61780755F0BA9588CF0BFC /* [CP] Embed Pods Frameworks */ = {
			isa = PBXShellScriptBuildPhase;
			buildActionMask = 2147483647;
			files = (
			);
			inputPaths = (
			);
			name = "[CP] Embed Pods Frameworks";
			outputPaths = (
			);
			runOnlyForDeploymentPostprocessing = 0;
			shellPath = /bin/sh;
			shellScript = "\"${SRCROOT}/Pods/Target Support Files/Pods-TasteOfHomeUITests/Pods-TasteOfHomeUITests-frameworks.sh\"\n";
			showEnvVarsInLog = 0;
		};
/* End PBXShellScriptBuildPhase section */

/* Begin PBXSourcesBuildPhase section */
		17A440171E50E30F001C21CC /* Sources */ = {
			isa = PBXSourcesBuildPhase;
			buildActionMask = 2147483647;
			files = (
				17A4404F1E50E9DC001C21CC /* DisplayCard.swift in Sources */,
				17F5DB9A1E5B835500A8050C /* SignInViewController.swift in Sources */,
				17A440511E50EB08001C21CC /* BrowseViewController.swift in Sources */,
				17A4401F1E50E30F001C21CC /* AppDelegate.swift in Sources */,
				17A440531E5B66A8001C21CC /* BreadDetailViewController.swift in Sources */,
			);
			runOnlyForDeploymentPostprocessing = 0;
		};
		17A4402B1E50E30F001C21CC /* Sources */ = {
			isa = PBXSourcesBuildPhase;
			buildActionMask = 2147483647;
			files = (
				17A440341E50E30F001C21CC /* TasteOfHomeTests.swift in Sources */,
			);
			runOnlyForDeploymentPostprocessing = 0;
		};
		17A440361E50E30F001C21CC /* Sources */ = {
			isa = PBXSourcesBuildPhase;
			buildActionMask = 2147483647;
			files = (
				17A4403F1E50E30F001C21CC /* TasteOfHomeUITests.swift in Sources */,
			);
			runOnlyForDeploymentPostprocessing = 0;
		};
/* End PBXSourcesBuildPhase section */

/* Begin PBXTargetDependency section */
		17A440311E50E30F001C21CC /* PBXTargetDependency */ = {
			isa = PBXTargetDependency;
			target = 17A4401A1E50E30F001C21CC /* TasteOfHome */;
			targetProxy = 17A440301E50E30F001C21CC /* PBXContainerItemProxy */;
		};
		17A4403C1E50E30F001C21CC /* PBXTargetDependency */ = {
			isa = PBXTargetDependency;
			target = 17A4401A1E50E30F001C21CC /* TasteOfHome */;
			targetProxy = 17A4403B1E50E30F001C21CC /* PBXContainerItemProxy */;
		};
/* End PBXTargetDependency section */

/* Begin PBXVariantGroup section */
		17A440221E50E30F001C21CC /* Main.storyboard */ = {
			isa = PBXVariantGroup;
			children = (
				17A440231E50E30F001C21CC /* Base */,
			);
			name = Main.storyboard;
			sourceTree = "<group>";
		};
		17A440271E50E30F001C21CC /* LaunchScreen.storyboard */ = {
			isa = PBXVariantGroup;
			children = (
				17A440281E50E30F001C21CC /* Base */,
			);
			name = LaunchScreen.storyboard;
			sourceTree = "<group>";
		};
/* End PBXVariantGroup section */

/* Begin XCBuildConfiguration section */
		17A440411E50E30F001C21CC /* Debug */ = {
			isa = XCBuildConfiguration;
			buildSettings = {
				ALWAYS_SEARCH_USER_PATHS = NO;
				CLANG_ANALYZER_NONNULL = YES;
				CLANG_CXX_LANGUAGE_STANDARD = "gnu++0x";
				CLANG_CXX_LIBRARY = "libc++";
				CLANG_ENABLE_MODULES = YES;
				CLANG_ENABLE_OBJC_ARC = YES;
				CLANG_WARN_BOOL_CONVERSION = YES;
				CLANG_WARN_CONSTANT_CONVERSION = YES;
				CLANG_WARN_DIRECT_OBJC_ISA_USAGE = YES_ERROR;
				CLANG_WARN_DOCUMENTATION_COMMENTS = YES;
				CLANG_WARN_EMPTY_BODY = YES;
				CLANG_WARN_ENUM_CONVERSION = YES;
				CLANG_WARN_INFINITE_RECURSION = YES;
				CLANG_WARN_INT_CONVERSION = YES;
				CLANG_WARN_OBJC_ROOT_CLASS = YES_ERROR;
				CLANG_WARN_SUSPICIOUS_MOVE = YES;
				CLANG_WARN_UNREACHABLE_CODE = YES;
				CLANG_WARN__DUPLICATE_METHOD_MATCH = YES;
				"CODE_SIGN_IDENTITY[sdk=iphoneos*]" = "iPhone Developer";
				COPY_PHASE_STRIP = NO;
				DEBUG_INFORMATION_FORMAT = dwarf;
				ENABLE_STRICT_OBJC_MSGSEND = YES;
				ENABLE_TESTABILITY = YES;
				GCC_C_LANGUAGE_STANDARD = gnu99;
				GCC_DYNAMIC_NO_PIC = NO;
				GCC_NO_COMMON_BLOCKS = YES;
				GCC_OPTIMIZATION_LEVEL = 0;
				GCC_PREPROCESSOR_DEFINITIONS = (
					"DEBUG=1",
					"$(inherited)",
				);
				GCC_WARN_64_TO_32_BIT_CONVERSION = YES;
				GCC_WARN_ABOUT_RETURN_TYPE = YES_ERROR;
				GCC_WARN_UNDECLARED_SELECTOR = YES;
				GCC_WARN_UNINITIALIZED_AUTOS = YES_AGGRESSIVE;
				GCC_WARN_UNUSED_FUNCTION = YES;
				GCC_WARN_UNUSED_VARIABLE = YES;
				IPHONEOS_DEPLOYMENT_TARGET = 10.2;
				MTL_ENABLE_DEBUG_INFO = YES;
				ONLY_ACTIVE_ARCH = YES;
				SDKROOT = iphoneos;
				SWIFT_ACTIVE_COMPILATION_CONDITIONS = DEBUG;
				SWIFT_OPTIMIZATION_LEVEL = "-Onone";
				TARGETED_DEVICE_FAMILY = "1,2";
			};
			name = Debug;
		};
		17A440421E50E30F001C21CC /* Release */ = {
			isa = XCBuildConfiguration;
			buildSettings = {
				ALWAYS_SEARCH_USER_PATHS = NO;
				CLANG_ANALYZER_NONNULL = YES;
				CLANG_CXX_LANGUAGE_STANDARD = "gnu++0x";
				CLANG_CXX_LIBRARY = "libc++";
				CLANG_ENABLE_MODULES = YES;
				CLANG_ENABLE_OBJC_ARC = YES;
				CLANG_WARN_BOOL_CONVERSION = YES;
				CLANG_WARN_CONSTANT_CONVERSION = YES;
				CLANG_WARN_DIRECT_OBJC_ISA_USAGE = YES_ERROR;
				CLANG_WARN_DOCUMENTATION_COMMENTS = YES;
				CLANG_WARN_EMPTY_BODY = YES;
				CLANG_WARN_ENUM_CONVERSION = YES;
				CLANG_WARN_INFINITE_RECURSION = YES;
				CLANG_WARN_INT_CONVERSION = YES;
				CLANG_WARN_OBJC_ROOT_CLASS = YES_ERROR;
				CLANG_WARN_SUSPICIOUS_MOVE = YES;
				CLANG_WARN_UNREACHABLE_CODE = YES;
				CLANG_WARN__DUPLICATE_METHOD_MATCH = YES;
				"CODE_SIGN_IDENTITY[sdk=iphoneos*]" = "iPhone Developer";
				COPY_PHASE_STRIP = NO;
				DEBUG_INFORMATION_FORMAT = "dwarf-with-dsym";
				ENABLE_NS_ASSERTIONS = NO;
				ENABLE_STRICT_OBJC_MSGSEND = YES;
				GCC_C_LANGUAGE_STANDARD = gnu99;
				GCC_NO_COMMON_BLOCKS = YES;
				GCC_WARN_64_TO_32_BIT_CONVERSION = YES;
				GCC_WARN_ABOUT_RETURN_TYPE = YES_ERROR;
				GCC_WARN_UNDECLARED_SELECTOR = YES;
				GCC_WARN_UNINITIALIZED_AUTOS = YES_AGGRESSIVE;
				GCC_WARN_UNUSED_FUNCTION = YES;
				GCC_WARN_UNUSED_VARIABLE = YES;
				IPHONEOS_DEPLOYMENT_TARGET = 10.2;
				MTL_ENABLE_DEBUG_INFO = NO;
				SDKROOT = iphoneos;
				SWIFT_OPTIMIZATION_LEVEL = "-Owholemodule";
				TARGETED_DEVICE_FAMILY = "1,2";
				VALIDATE_PRODUCT = YES;
			};
			name = Release;
		};
		17A440441E50E30F001C21CC /* Debug */ = {
			isa = XCBuildConfiguration;
			baseConfigurationReference = CEFEE1A97D53058256411915 /* Pods-TasteOfHome.debug.xcconfig */;
			buildSettings = {
				ASSETCATALOG_COMPILER_APPICON_NAME = AppIcon;
				DEVELOPMENT_TEAM = H9AG8MMMTC;
				INFOPLIST_FILE = TasteOfHome/Info.plist;
				LD_RUNPATH_SEARCH_PATHS = "$(inherited) @executable_path/Frameworks";
				PRODUCT_BUNDLE_IDENTIFIER = fchen.TasteOfHome;
				PRODUCT_NAME = "$(TARGET_NAME)";
				SWIFT_VERSION = 3.0;
			};
			name = Debug;
		};
		17A440451E50E30F001C21CC /* Release */ = {
			isa = XCBuildConfiguration;
			baseConfigurationReference = 76315685A99E0687DB91A7D0 /* Pods-TasteOfHome.release.xcconfig */;
			buildSettings = {
				ASSETCATALOG_COMPILER_APPICON_NAME = AppIcon;
				DEVELOPMENT_TEAM = H9AG8MMMTC;
				INFOPLIST_FILE = TasteOfHome/Info.plist;
				LD_RUNPATH_SEARCH_PATHS = "$(inherited) @executable_path/Frameworks";
				PRODUCT_BUNDLE_IDENTIFIER = fchen.TasteOfHome;
				PRODUCT_NAME = "$(TARGET_NAME)";
				SWIFT_VERSION = 3.0;
			};
			name = Release;
		};
		17A440471E50E30F001C21CC /* Debug */ = {
			isa = XCBuildConfiguration;
			baseConfigurationReference = 18E612EAB6B9ECB20A234DBF /* Pods-TasteOfHomeTests.debug.xcconfig */;
			buildSettings = {
				ALWAYS_EMBED_SWIFT_STANDARD_LIBRARIES = YES;
				BUNDLE_LOADER = "$(TEST_HOST)";
				DEVELOPMENT_TEAM = H9AG8MMMTC;
				INFOPLIST_FILE = TasteOfHomeTests/Info.plist;
				LD_RUNPATH_SEARCH_PATHS = "$(inherited) @executable_path/Frameworks @loader_path/Frameworks";
				PRODUCT_BUNDLE_IDENTIFIER = fchen.TasteOfHomeTests;
				PRODUCT_NAME = "$(TARGET_NAME)";
				SWIFT_VERSION = 3.0;
				TEST_HOST = "$(BUILT_PRODUCTS_DIR)/TasteOfHome.app/TasteOfHome";
			};
			name = Debug;
		};
		17A440481E50E30F001C21CC /* Release */ = {
			isa = XCBuildConfiguration;
			baseConfigurationReference = FA61850427D222216C401032 /* Pods-TasteOfHomeTests.release.xcconfig */;
			buildSettings = {
				ALWAYS_EMBED_SWIFT_STANDARD_LIBRARIES = YES;
				BUNDLE_LOADER = "$(TEST_HOST)";
				DEVELOPMENT_TEAM = H9AG8MMMTC;
				INFOPLIST_FILE = TasteOfHomeTests/Info.plist;
				LD_RUNPATH_SEARCH_PATHS = "$(inherited) @executable_path/Frameworks @loader_path/Frameworks";
				PRODUCT_BUNDLE_IDENTIFIER = fchen.TasteOfHomeTests;
				PRODUCT_NAME = "$(TARGET_NAME)";
				SWIFT_VERSION = 3.0;
				TEST_HOST = "$(BUILT_PRODUCTS_DIR)/TasteOfHome.app/TasteOfHome";
			};
			name = Release;
		};
		17A4404A1E50E30F001C21CC /* Debug */ = {
			isa = XCBuildConfiguration;
			baseConfigurationReference = 785B880F7AA3EF8D6A94E7FF /* Pods-TasteOfHomeUITests.debug.xcconfig */;
			buildSettings = {
				ALWAYS_EMBED_SWIFT_STANDARD_LIBRARIES = YES;
				DEVELOPMENT_TEAM = H9AG8MMMTC;
				INFOPLIST_FILE = TasteOfHomeUITests/Info.plist;
				LD_RUNPATH_SEARCH_PATHS = "$(inherited) @executable_path/Frameworks @loader_path/Frameworks";
				PRODUCT_BUNDLE_IDENTIFIER = fchen.TasteOfHomeUITests;
				PRODUCT_NAME = "$(TARGET_NAME)";
				SWIFT_VERSION = 3.0;
				TEST_TARGET_NAME = TasteOfHome;
			};
			name = Debug;
		};
		17A4404B1E50E30F001C21CC /* Release */ = {
			isa = XCBuildConfiguration;
			baseConfigurationReference = 93AAEE5B520352B5ED1E1CD6 /* Pods-TasteOfHomeUITests.release.xcconfig */;
			buildSettings = {
				ALWAYS_EMBED_SWIFT_STANDARD_LIBRARIES = YES;
				DEVELOPMENT_TEAM = H9AG8MMMTC;
				INFOPLIST_FILE = TasteOfHomeUITests/Info.plist;
				LD_RUNPATH_SEARCH_PATHS = "$(inherited) @executable_path/Frameworks @loader_path/Frameworks";
				PRODUCT_BUNDLE_IDENTIFIER = fchen.TasteOfHomeUITests;
				PRODUCT_NAME = "$(TARGET_NAME)";
				SWIFT_VERSION = 3.0;
				TEST_TARGET_NAME = TasteOfHome;
			};
			name = Release;
		};
/* End XCBuildConfiguration section */

/* Begin XCConfigurationList section */
		17A440161E50E30F001C21CC /* Build configuration list for PBXProject "TasteOfHome" */ = {
			isa = XCConfigurationList;
			buildConfigurations = (
				17A440411E50E30F001C21CC /* Debug */,
				17A440421E50E30F001C21CC /* Release */,
			);
			defaultConfigurationIsVisible = 0;
			defaultConfigurationName = Release;
		};
		17A440431E50E30F001C21CC /* Build configuration list for PBXNativeTarget "TasteOfHome" */ = {
			isa = XCConfigurationList;
			buildConfigurations = (
				17A440441E50E30F001C21CC /* Debug */,
				17A440451E50E30F001C21CC /* Release */,
			);
			defaultConfigurationIsVisible = 0;
			defaultConfigurationName = Release;
		};
		17A440461E50E30F001C21CC /* Build configuration list for PBXNativeTarget "TasteOfHomeTests" */ = {
			isa = XCConfigurationList;
			buildConfigurations = (
				17A440471E50E30F001C21CC /* Debug */,
				17A440481E50E30F001C21CC /* Release */,
			);
			defaultConfigurationIsVisible = 0;
			defaultConfigurationName = Release;
		};
		17A440491E50E30F001C21CC /* Build configuration list for PBXNativeTarget "TasteOfHomeUITests" */ = {
			isa = XCConfigurationList;
			buildConfigurations = (
				17A4404A1E50E30F001C21CC /* Debug */,
				17A4404B1E50E30F001C21CC /* Release */,
			);
			defaultConfigurationIsVisible = 0;
			defaultConfigurationName = Release;
		};
/* End XCConfigurationList section */
	};
	rootObject = 17A440131E50E30F001C21CC /* Project object */;
}
